
Microsoft Visual Studio Solution File, Format Version 12.00
# Visual Studio 14
VisualStudioVersion = 14.0.25420.1
MinimumVisualStudioVersion = 10.0.40219.1
Project("{FAE04EC0-301F-11D3-BF4B-00C04F79EFBC}") = "RDMDalWSR", "RDMDalWSR\RDMDalWSR.csproj", "{16971DE9-1093-4843-B310-BE02332FCE79}"
EndProject
Project("{FAE04EC0-301F-11D3-BF4B-00C04F79EFBC}") = "ConsumeWebServiceRest", "ConsumeWebServiceRest\ConsumeWebServiceRest.csproj", "{9F82A195-4C5C-417B-8765-9E99DB407557}"
EndProject
Project("{FAE04EC0-301F-11D3-BF4B-00C04F79EFBC}") = "RDMService", "RDMService\RDMService.csproj", "{F2000BF5-4F54-4248-B014-72246E364941}"
EndProject
Project("{FAE04EC0-301F-11D3-BF4B-00C04F79EFBC}") = "TesteurConsole", "TesteurConsole\TesteurConsole.csproj", "{7F3B0E66-72BC-4630-B4EA-2B22D9E50007}"
EndProject
Project("{FAE04EC0-301F-11D3-BF4B-00C04F79EFBC}") = "ClientWinForm", "ClientWinForm\ClientWinForm.csproj", "{0434E4FC-85EA-45FA-861A-ECFE859B6260}"
EndProject
Project("{FAE04EC0-301F-11D3-BF4B-00C04F79EFBC}") = "ClientWinPhone", "ClientWinPhone\ClientWinPhone.csproj", "{37A8D9BD-F4DE-469D-8718-73484E0562CA}"
EndProject
Global
	GlobalSection(SolutionConfigurationPlatforms) = preSolution
		Debug|Any CPU = Debug|Any CPU
		Debug|ARM = Debug|ARM
		Debug|x86 = Debug|x86
		Release|Any CPU = Release|Any CPU
		Release|ARM = Release|ARM
		Release|x86 = Release|x86
	EndGlobalSection
	GlobalSection(ProjectConfigurationPlatforms) = postSolution
		{16971DE9-1093-4843-B310-BE02332FCE79}.Debug|Any CPU.ActiveCfg = Debug|Any CPU
		{16971DE9-1093-4843-B310-BE02332FCE79}.Debug|Any CPU.Build.0 = Debug|Any CPU
		{16971DE9-1093-4843-B310-BE02332FCE79}.Debug|ARM.ActiveCfg = Debug|Any CPU
		{16971DE9-1093-4843-B310-BE02332FCE79}.Debug|ARM.Build.0 = Debug|Any CPU
		{16971DE9-1093-4843-B310-BE02332FCE79}.Debug|x86.ActiveCfg = Debug|Any CPU
		{16971DE9-1093-4843-B310-BE02332FCE79}.Debug|x86.Build.0 = Debug|Any CPU
		{16971DE9-1093-4843-B310-BE02332FCE79}.Release|Any CPU.ActiveCfg = Release|Any CPU
		{16971DE9-1093-4843-B310-BE02332FCE79}.Release|Any CPU.Build.0 = Release|Any CPU
		{16971DE9-1093-4843-B310-BE02332FCE79}.Release|ARM.ActiveCfg = Release|Any CPU
		{16971DE9-1093-4843-B310-BE02332FCE79}.Release|ARM.Build.0 = Release|Any CPU
		{16971DE9-1093-4843-B310-BE02332FCE79}.Release|x86.ActiveCfg = Release|Any CPU
		{16971DE9-1093-4843-B310-BE02332FCE79}.Release|x86.Build.0 = Release|Any CPU
		{9F82A195-4C5C-417B-8765-9E99DB407557}.Debug|Any CPU.ActiveCfg = Debug|Any CPU
		{9F82A195-4C5C-417B-8765-9E99DB407557}.Debug|Any CPU.Build.0 = Debug|Any CPU
		{9F82A195-4C5C-417B-8765-9E99DB407557}.Debug|ARM.ActiveCfg = Debug|Any CPU
		{9F82A195-4C5C-417B-8765-9E99DB407557}.Debug|ARM.Build.0 = Debug|Any CPU
		{9F82A195-4C5C-417B-8765-9E99DB407557}.Debug|x86.ActiveCfg = Debug|Any CPU
		{9F82A195-4C5C-417B-8765-9E99DB407557}.Debug|x86.Build.0 = Debug|Any CPU
		{9F82A195-4C5C-417B-8765-9E99DB407557}.Release|Any CPU.ActiveCfg = Release|Any CPU
		{9F82A195-4C5C-417B-8765-9E99DB407557}.Release|Any CPU.Build.0 = Release|Any CPU
		{9F82A195-4C5C-417B-8765-9E99DB407557}.Release|ARM.ActiveCfg = Release|Any CPU
		{9F82A195-4C5C-417B-8765-9E99DB407557}.Release|ARM.Build.0 = Release|Any CPU
		{9F82A195-4C5C-417B-8765-9E99DB407557}.Release|x86.ActiveCfg = Release|Any CPU
		{9F82A195-4C5C-417B-8765-9E99DB407557}.Release|x86.Build.0 = Release|Any CPU
		{F2000BF5-4F54-4248-B014-72246E364941}.Debug|Any CPU.ActiveCfg = Debug|Any CPU
		{F2000BF5-4F54-4248-B014-72246E364941}.Debug|Any CPU.Build.0 = Debug|Any CPU
		{F2000BF5-4F54-4248-B014-72246E364941}.Debug|ARM.ActiveCfg = Debug|Any CPU
		{F2000BF5-4F54-4248-B014-72246E364941}.Debug|ARM.Build.0 = Debug|Any CPU
		{F2000BF5-4F54-4248-B014-72246E364941}.Debug|x86.ActiveCfg = Debug|Any CPU
		{F2000BF5-4F54-4248-B014-72246E364941}.Debug|x86.Build.0 = Debug|Any CPU
		{F2000BF5-4F54-4248-B014-72246E364941}.Release|Any CPU.ActiveCfg = Release|Any CPU
		{F2000BF5-4F54-4248-B014-72246E364941}.Release|Any CPU.Build.0 = Release|Any CPU
		{F2000BF5-4F54-4248-B014-72246E364941}.Release|ARM.ActiveCfg = Release|Any CPU
		{F2000BF5-4F54-4248-B014-72246E364941}.Release|ARM.Build.0 = Release|Any CPU
		{F2000BF5-4F54-4248-B014-72246E364941}.Release|x86.ActiveCfg = Release|Any CPU
		{F2000BF5-4F54-4248-B014-72246E364941}.Release|x86.Build.0 = Release|Any CPU
		{7F3B0E66-72BC-4630-B4EA-2B22D9E50007}.Debug|Any CPU.ActiveCfg = Debug|Any CPU
		{7F3B0E66-72BC-4630-B4EA-2B22D9E50007}.Debug|Any CPU.Build.0 = Debug|Any CPU
		{7F3B0E66-72BC-4630-B4EA-2B22D9E50007}.Debug|ARM.ActiveCfg = Debug|Any CPU
		{7F3B0E66-72BC-4630-B4EA-2B22D9E50007}.Debug|ARM.Build.0 = Debug|Any CPU
		{7F3B0E66-72BC-4630-B4EA-2B22D9E50007}.Debug|x86.ActiveCfg = Debug|Any CPU
		{7F3B0E66-72BC-4630-B4EA-2B22D9E50007}.Debug|x86.Build.0 = Debug|Any CPU
		{7F3B0E66-72BC-4630-B4EA-2B22D9E50007}.Release|Any CPU.ActiveCfg = Release|Any CPU
		{7F3B0E66-72BC-4630-B4EA-2B22D9E50007}.Release|Any CPU.Build.0 = Release|Any CPU
		{7F3B0E66-72BC-4630-B4EA-2B22D9E50007}.Release|ARM.ActiveCfg = Release|Any CPU
		{7F3B0E66-72BC-4630-B4EA-2B22D9E50007}.Release|ARM.Build.0 = Release|Any CPU
		{7F3B0E66-72BC-4630-B4EA-2B22D9E50007}.Release|x86.ActiveCfg = Release|Any CPU
		{7F3B0E66-72BC-4630-B4EA-2B22D9E50007}.Release|x86.Build.0 = Release|Any CPU
		{0434E4FC-85EA-45FA-861A-ECFE859B6260}.Debug|Any CPU.ActiveCfg = Debug|Any CPU
		{0434E4FC-85EA-45FA-861A-ECFE859B6260}.Debug|Any CPU.Build.0 = Debug|Any CPU
		{0434E4FC-85EA-45FA-861A-ECFE859B6260}.Debug|ARM.ActiveCfg = Debug|Any CPU
		{0434E4FC-85EA-45FA-861A-ECFE859B6260}.Debug|ARM.Build.0 = Debug|Any CPU
		{0434E4FC-85EA-45FA-861A-ECFE859B6260}.Debug|x86.ActiveCfg = Debug|Any CPU
		{0434E4FC-85EA-45FA-861A-ECFE859B6260}.Debug|x86.Build.0 = Debug|Any CPU
		{0434E4FC-85EA-45FA-861A-ECFE859B6260}.Release|Any CPU.ActiveCfg = Release|Any CPU
		{0434E4FC-85EA-45FA-861A-ECFE859B6260}.Release|Any CPU.Build.0 = Release|Any CPU
		{0434E4FC-85EA-45FA-861A-ECFE859B6260}.Release|ARM.ActiveCfg = Release|Any CPU
		{0434E4FC-85EA-45FA-861A-ECFE859B6260}.Release|ARM.Build.0 = Release|Any CPU
		{0434E4FC-85EA-45FA-861A-ECFE859B6260}.Release|x86.ActiveCfg = Release|Any CPU
		{0434E4FC-85EA-45FA-861A-ECFE859B6260}.Release|x86.Build.0 = Release|Any CPU
		{37A8D9BD-F4DE-469D-8718-73484E0562CA}.Debug|Any CPU.ActiveCfg = Debug|Any CPU
		{37A8D9BD-F4DE-469D-8718-73484E0562CA}.Debug|Any CPU.Build.0 = Debug|Any CPU
		{37A8D9BD-F4DE-469D-8718-73484E0562CA}.Debug|Any CPU.Deploy.0 = Debug|Any CPU
		{37A8D9BD-F4DE-469D-8718-73484E0562CA}.Debug|ARM.ActiveCfg = Debug|ARM
		{37A8D9BD-F4DE-469D-8718-73484E0562CA}.Debug|ARM.Build.0 = Debug|ARM
		{37A8D9BD-F4DE-469D-8718-73484E0562CA}.Debug|ARM.Deploy.0 = Debug|ARM
		{37A8D9BD-F4DE-469D-8718-73484E0562CA}.Debug|x86.ActiveCfg = Debug|x86
		{37A8D9BD-F4DE-469D-8718-73484E0562CA}.Debug|x86.Build.0 = Debug|x86
		{37A8D9BD-F4DE-469D-8718-73484E0562CA}.Debug|x86.Deploy.0 = Debug|x86
		{37A8D9BD-F4DE-469D-8718-73484E0562CA}.Release|Any CPU.ActiveCfg = Release|Any CPU
		{37A8D9BD-F4DE-469D-8718-73484E0562CA}.Release|Any CPU.Build.0 = Release|Any CPU
		{37A8D9BD-F4DE-469D-8718-73484E0562CA}.Release|Any CPU.Deploy.0 = Release|Any CPU
		{37A8D9BD-F4DE-469D-8718-73484E0562CA}.Release|ARM.ActiveCfg = Release|ARM
		{37A8D9BD-F4DE-469D-8718-73484E0562CA}.Release|ARM.Build.0 = Release|ARM
		{37A8D9BD-F4DE-469D-8718-73484E0562CA}.Release|ARM.Deploy.0 = Release|ARM
		{37A8D9BD-F4DE-469D-8718-73484E0562CA}.Release|x86.ActiveCfg = Release|x86
		{37A8D9BD-F4DE-469D-8718-73484E0562CA}.Release|x86.Build.0 = Release|x86
		{37A8D9BD-F4DE-469D-8718-73484E0562CA}.Release|x86.Deploy.0 = Release|x86
	EndGlobalSection
	GlobalSection(SolutionProperties) = preSolution
		HideSolutionNode = FALSE
	EndGlobalSection
EndGlobal
